
Microsoft Visual Studio Solution File, Format Version 12.00
# Visual Studio Version 17
VisualStudioVersion = 17.5.33424.131
MinimumVisualStudioVersion = 10.0.40219.1
Project("{FAE04EC0-301F-11D3-BF4B-00C04F79EFBC}") = "PrimeHoldingInternshipTask", "PrimeHoldingInternshipTask\PrimeHoldingInternshipTask.csproj", "{47C14EC3-0E03-418B-8871-0F717F6CEDF2}"
EndProject
Global
	GlobalSection(SolutionConfigurationPlatforms) = preSolution
		Debug|Any CPU = Debug|Any CPU
		Release|Any CPU = Release|Any CPU
	EndGlobalSection
	GlobalSection(ProjectConfigurationPlatforms) = postSolution
		{47C14EC3-0E03-418B-8871-0F717F6CEDF2}.Debug|Any CPU.ActiveCfg = Debug|Any CPU
		{47C14EC3-0E03-418B-8871-0F717F6CEDF2}.Debug|Any CPU.Build.0 = Debug|Any CPU
		{47C14EC3-0E03-418B-8871-0F717F6CEDF2}.Release|Any CPU.ActiveCfg = Release|Any CPU
		{47C14EC3-0E03-418B-8871-0F717F6CEDF2}.Release|Any CPU.Build.0 = Release|Any CPU
	EndGlobalSection
	GlobalSection(SolutionProperties) = preSolution
		HideSolutionNode = FALSE
	EndGlobalSection
	GlobalSection(ExtensibilityGlobals) = postSolution
		SolutionGuid = {155E1034-F208-4451-AD50-69D06BDB0FE3}
	EndGlobalSection
EndGlobal
